
Microsoft Visual Studio Solution File, Format Version 12.00
# Visual Studio Version 17
VisualStudioVersion = 17.9.34701.34
MinimumVisualStudioVersion = 10.0.40219.1
Project("{FAE04EC0-301F-11D3-BF4B-00C04F79EFBC}") = "MailAPI", "MailAPI\MailAPI.csproj", "{DD6758DE-99F4-4025-AA47-D7F801F659C8}"
EndProject
Project("{FAE04EC0-301F-11D3-BF4B-00C04F79EFBC}") = "MailSender", "MailSender\MailSender.csproj", "{79924AD6-F171-4DB6-837F-AF2E24EC4F6D}"
EndProject
Global
	GlobalSection(SolutionConfigurationPlatforms) = preSolution
		Debug|Any CPU = Debug|Any CPU
		Release|Any CPU = Release|Any CPU
	EndGlobalSection
	GlobalSection(ProjectConfigurationPlatforms) = postSolution
		{DD6758DE-99F4-4025-AA47-D7F801F659C8}.Debug|Any CPU.ActiveCfg = Debug|Any CPU
		{DD6758DE-99F4-4025-AA47-D7F801F659C8}.Debug|Any CPU.Build.0 = Debug|Any CPU
		{DD6758DE-99F4-4025-AA47-D7F801F659C8}.Release|Any CPU.ActiveCfg = Release|Any CPU
		{DD6758DE-99F4-4025-AA47-D7F801F659C8}.Release|Any CPU.Build.0 = Release|Any CPU
		{79924AD6-F171-4DB6-837F-AF2E24EC4F6D}.Debug|Any CPU.ActiveCfg = Debug|Any CPU
		{79924AD6-F171-4DB6-837F-AF2E24EC4F6D}.Debug|Any CPU.Build.0 = Debug|Any CPU
		{79924AD6-F171-4DB6-837F-AF2E24EC4F6D}.Release|Any CPU.ActiveCfg = Release|Any CPU
		{79924AD6-F171-4DB6-837F-AF2E24EC4F6D}.Release|Any CPU.Build.0 = Release|Any CPU
	EndGlobalSection
	GlobalSection(SolutionProperties) = preSolution
		HideSolutionNode = FALSE
	EndGlobalSection
	GlobalSection(ExtensibilityGlobals) = postSolution
		SolutionGuid = {A9516536-80C1-4E41-9B87-E43E6F2D0E7D}
	EndGlobalSection
EndGlobal
